// !$*UTF8*$!
{
	archiveVersion = 1;
	classes = {
	};
	objectVersion = 46;
	objects = {

/* Begin PBXBuildFile section */
		DD795B4CD56149F76FC5DA76 /* Pods_iOSuper.framework in Frameworks */ = {isa = PBXBuildFile; fileRef = A6AC3507E9EBE4FFBC5ED95D /* Pods_iOSuper.framework */; };
		E60F1FBE1D903EEF00483B90 /* CZArticles.swift in Sources */ = {isa = PBXBuildFile; fileRef = E60F1FBD1D903EEF00483B90 /* CZArticles.swift */; };
		E60F1FC31D903F4700483B90 /* CZEditPicController.swift in Sources */ = {isa = PBXBuildFile; fileRef = E60F1FC21D903F4700483B90 /* CZEditPicController.swift */; };
		E60F1FC51D90413200483B90 /* EditPic.storyboard in Resources */ = {isa = PBXBuildFile; fileRef = E60F1FC41D90413200483B90 /* EditPic.storyboard */; };
		E60F1FC71D9090B800483B90 /* CZSelectPicController.swift in Sources */ = {isa = PBXBuildFile; fileRef = E60F1FC61D9090B800483B90 /* CZSelectPicController.swift */; };
		E60F1FC91D91704E00483B90 /* CZConfigure.swift in Sources */ = {isa = PBXBuildFile; fileRef = E60F1FC81D91704E00483B90 /* CZConfigure.swift */; };
		E60F1FCB1D91717300483B90 /* UIView+Color.swift in Sources */ = {isa = PBXBuildFile; fileRef = E60F1FCA1D91717300483B90 /* UIView+Color.swift */; };
		E63F56171D8670E7007B76D6 /* UIBarButtonItem+Addition.swift in Sources */ = {isa = PBXBuildFile; fileRef = E63F56151D8670E7007B76D6 /* UIBarButtonItem+Addition.swift */; };
		E63F56181D8670E7007B76D6 /* UIViewController+SB.swift in Sources */ = {isa = PBXBuildFile; fileRef = E63F56161D8670E7007B76D6 /* UIViewController+SB.swift */; };
		E63F561B1D868137007B76D6 /* CZNetWorkTool.swift in Sources */ = {isa = PBXBuildFile; fileRef = E63F561A1D868137007B76D6 /* CZNetWorkTool.swift */; };
		E64D3EA31D7D3E7500A8A63D /* HomeListCell.xib in Resources */ = {isa = PBXBuildFile; fileRef = E64D3EA21D7D3E7500A8A63D /* HomeListCell.xib */; };
		E64D3EA51D7D439E00A8A63D /* CalculatorController.swift in Sources */ = {isa = PBXBuildFile; fileRef = E64D3EA41D7D439E00A8A63D /* CalculatorController.swift */; };
		E64D3EA71D7D43B600A8A63D /* Home.storyboard in Resources */ = {isa = PBXBuildFile; fileRef = E64D3EA61D7D43B600A8A63D /* Home.storyboard */; };
		E671FCC21D7C8578006921EF /* AppDelegate.swift in Sources */ = {isa = PBXBuildFile; fileRef = E671FCC11D7C8578006921EF /* AppDelegate.swift */; };
		E671FCC71D7C8578006921EF /* Main.storyboard in Resources */ = {isa = PBXBuildFile; fileRef = E671FCC51D7C8578006921EF /* Main.storyboard */; };
		E671FCC91D7C8578006921EF /* Assets.xcassets in Resources */ = {isa = PBXBuildFile; fileRef = E671FCC81D7C8578006921EF /* Assets.xcassets */; };
		E671FCCC1D7C8578006921EF /* LaunchScreen.storyboard in Resources */ = {isa = PBXBuildFile; fileRef = E671FCCA1D7C8578006921EF /* LaunchScreen.storyboard */; };
		E671FCD71D7C8579006921EF /* iOSuperTests.swift in Sources */ = {isa = PBXBuildFile; fileRef = E671FCD61D7C8579006921EF /* iOSuperTests.swift */; };
		E671FCE21D7C8579006921EF /* iOSuperUITests.swift in Sources */ = {isa = PBXBuildFile; fileRef = E671FCE11D7C8579006921EF /* iOSuperUITests.swift */; };
		E671FCF31D7C8EC7006921EF /* MainTabbarController.swift in Sources */ = {isa = PBXBuildFile; fileRef = E671FCF21D7C8EC7006921EF /* MainTabbarController.swift */; };
		E671FCF71D7C9554006921EF /* MainNavgationController.swift in Sources */ = {isa = PBXBuildFile; fileRef = E671FCF61D7C9554006921EF /* MainNavgationController.swift */; };
		E671FCFC1D7C9775006921EF /* HomeListController.swift in Sources */ = {isa = PBXBuildFile; fileRef = E671FCF91D7C9775006921EF /* HomeListController.swift */; };
		E671FCFE1D7C97EF006921EF /* HomeListCell.swift in Sources */ = {isa = PBXBuildFile; fileRef = E671FCFD1D7C97EF006921EF /* HomeListCell.swift */; };
		E6E1322A1D880E5700BD385D /* UITableView+CellLineHidden.swift in Sources */ = {isa = PBXBuildFile; fileRef = E6E132291D880E5700BD385D /* UITableView+CellLineHidden.swift */; };
/* End PBXBuildFile section */

/* Begin PBXContainerItemProxy section */
		E671FCD31D7C8579006921EF /* PBXContainerItemProxy */ = {
			isa = PBXContainerItemProxy;
			containerPortal = E671FCB61D7C8578006921EF /* Project object */;
			proxyType = 1;
			remoteGlobalIDString = E671FCBD1D7C8578006921EF;
			remoteInfo = iOSuper;
		};
		E671FCDE1D7C8579006921EF /* PBXContainerItemProxy */ = {
			isa = PBXContainerItemProxy;
			containerPortal = E671FCB61D7C8578006921EF /* Project object */;
			proxyType = 1;
			remoteGlobalIDString = E671FCBD1D7C8578006921EF;
			remoteInfo = iOSuper;
		};
/* End PBXContainerItemProxy section */

/* Begin PBXFileReference section */
		40A55DA0EDB3001202A1B67A /* Pods-iOSuper.debug.xcconfig */ = {isa = PBXFileReference; includeInIndex = 1; lastKnownFileType = text.xcconfig; name = "Pods-iOSuper.debug.xcconfig"; path = "Pods/Target Support Files/Pods-iOSuper/Pods-iOSuper.debug.xcconfig"; sourceTree = "<group>"; };
		601BDFDE5D1A5178322AFF50 /* Pods-iOSuper.release.xcconfig */ = {isa = PBXFileReference; includeInIndex = 1; lastKnownFileType = text.xcconfig; name = "Pods-iOSuper.release.xcconfig"; path = "Pods/Target Support Files/Pods-iOSuper/Pods-iOSuper.release.xcconfig"; sourceTree = "<group>"; };
		A6AC3507E9EBE4FFBC5ED95D /* Pods_iOSuper.framework */ = {isa = PBXFileReference; explicitFileType = wrapper.framework; includeInIndex = 0; path = Pods_iOSuper.framework; sourceTree = BUILT_PRODUCTS_DIR; };
		E60F1FBD1D903EEF00483B90 /* CZArticles.swift */ = {isa = PBXFileReference; fileEncoding = 4; lastKnownFileType = sourcecode.swift; path = CZArticles.swift; sourceTree = "<group>"; };
		E60F1FC21D903F4700483B90 /* CZEditPicController.swift */ = {isa = PBXFileReference; fileEncoding = 4; lastKnownFileType = sourcecode.swift; path = CZEditPicController.swift; sourceTree = "<group>"; };
		E60F1FC41D90413200483B90 /* EditPic.storyboard */ = {isa = PBXFileReference; fileEncoding = 4; lastKnownFileType = file.storyboard; path = EditPic.storyboard; sourceTree = "<group>"; };
		E60F1FC61D9090B800483B90 /* CZSelectPicController.swift */ = {isa = PBXFileReference; fileEncoding = 4; lastKnownFileType = sourcecode.swift; path = CZSelectPicController.swift; sourceTree = "<group>"; };
		E60F1FC81D91704E00483B90 /* CZConfigure.swift */ = {isa = PBXFileReference; fileEncoding = 4; lastKnownFileType = sourcecode.swift; path = CZConfigure.swift; sourceTree = "<group>"; };
		E60F1FCA1D91717300483B90 /* UIView+Color.swift */ = {isa = PBXFileReference; fileEncoding = 4; lastKnownFileType = sourcecode.swift; path = "UIView+Color.swift"; sourceTree = "<group>"; };
		E63F56151D8670E7007B76D6 /* UIBarButtonItem+Addition.swift */ = {isa = PBXFileReference; fileEncoding = 4; lastKnownFileType = sourcecode.swift; path = "UIBarButtonItem+Addition.swift"; sourceTree = "<group>"; };
		E63F56161D8670E7007B76D6 /* UIViewController+SB.swift */ = {isa = PBXFileReference; fileEncoding = 4; lastKnownFileType = sourcecode.swift; path = "UIViewController+SB.swift"; sourceTree = "<group>"; };
		E63F561A1D868137007B76D6 /* CZNetWorkTool.swift */ = {isa = PBXFileReference; fileEncoding = 4; lastKnownFileType = sourcecode.swift; path = CZNetWorkTool.swift; sourceTree = "<group>"; };
		E64D3EA21D7D3E7500A8A63D /* HomeListCell.xib */ = {isa = PBXFileReference; fileEncoding = 4; lastKnownFileType = file.xib; path = HomeListCell.xib; sourceTree = "<group>"; };
		E64D3EA41D7D439E00A8A63D /* CalculatorController.swift */ = {isa = PBXFileReference; fileEncoding = 4; lastKnownFileType = sourcecode.swift; path = CalculatorController.swift; sourceTree = "<group>"; };
		E64D3EA61D7D43B600A8A63D /* Home.storyboard */ = {isa = PBXFileReference; fileEncoding = 4; lastKnownFileType = file.storyboard; path = Home.storyboard; sourceTree = "<group>"; };
		E671FCBE1D7C8578006921EF /* iOSuper.app */ = {isa = PBXFileReference; explicitFileType = wrapper.application; includeInIndex = 0; path = iOSuper.app; sourceTree = BUILT_PRODUCTS_DIR; };
		E671FCC11D7C8578006921EF /* AppDelegate.swift */ = {isa = PBXFileReference; lastKnownFileType = sourcecode.swift; path = AppDelegate.swift; sourceTree = "<group>"; };
		E671FCC61D7C8578006921EF /* Base */ = {isa = PBXFileReference; lastKnownFileType = file.storyboard; name = Base; path = Base.lproj/Main.storyboard; sourceTree = "<group>"; };
		E671FCC81D7C8578006921EF /* Assets.xcassets */ = {isa = PBXFileReference; lastKnownFileType = folder.assetcatalog; path = Assets.xcassets; sourceTree = "<group>"; };
		E671FCCB1D7C8578006921EF /* Base */ = {isa = PBXFileReference; lastKnownFileType = file.storyboard; name = Base; path = Base.lproj/LaunchScreen.storyboard; sourceTree = "<group>"; };
		E671FCCD1D7C8578006921EF /* Info.plist */ = {isa = PBXFileReference; lastKnownFileType = text.plist.xml; path = Info.plist; sourceTree = "<group>"; };
		E671FCD21D7C8579006921EF /* iOSuperTests.xctest */ = {isa = PBXFileReference; explicitFileType = wrapper.cfbundle; includeInIndex = 0; path = iOSuperTests.xctest; sourceTree = BUILT_PRODUCTS_DIR; };
		E671FCD61D7C8579006921EF /* iOSuperTests.swift */ = {isa = PBXFileReference; lastKnownFileType = sourcecode.swift; path = iOSuperTests.swift; sourceTree = "<group>"; };
		E671FCD81D7C8579006921EF /* Info.plist */ = {isa = PBXFileReference; lastKnownFileType = text.plist.xml; path = Info.plist; sourceTree = "<group>"; };
		E671FCDD1D7C8579006921EF /* iOSuperUITests.xctest */ = {isa = PBXFileReference; explicitFileType = wrapper.cfbundle; includeInIndex = 0; path = iOSuperUITests.xctest; sourceTree = BUILT_PRODUCTS_DIR; };
		E671FCE11D7C8579006921EF /* iOSuperUITests.swift */ = {isa = PBXFileReference; lastKnownFileType = sourcecode.swift; path = iOSuperUITests.swift; sourceTree = "<group>"; };
		E671FCE31D7C8579006921EF /* Info.plist */ = {isa = PBXFileReference; lastKnownFileType = text.plist.xml; path = Info.plist; sourceTree = "<group>"; };
		E671FCF21D7C8EC7006921EF /* MainTabbarController.swift */ = {isa = PBXFileReference; fileEncoding = 4; lastKnownFileType = sourcecode.swift; path = MainTabbarController.swift; sourceTree = "<group>"; };
		E671FCF61D7C9554006921EF /* MainNavgationController.swift */ = {isa = PBXFileReference; fileEncoding = 4; lastKnownFileType = sourcecode.swift; path = MainNavgationController.swift; sourceTree = "<group>"; };
		E671FCF91D7C9775006921EF /* HomeListController.swift */ = {isa = PBXFileReference; fileEncoding = 4; lastKnownFileType = sourcecode.swift; path = HomeListController.swift; sourceTree = "<group>"; };
		E671FCFD1D7C97EF006921EF /* HomeListCell.swift */ = {isa = PBXFileReference; fileEncoding = 4; lastKnownFileType = sourcecode.swift; path = HomeListCell.swift; sourceTree = "<group>"; };
		E6E132291D880E5700BD385D /* UITableView+CellLineHidden.swift */ = {isa = PBXFileReference; fileEncoding = 4; lastKnownFileType = sourcecode.swift; path = "UITableView+CellLineHidden.swift"; sourceTree = "<group>"; };
/* End PBXFileReference section */

/* Begin PBXFrameworksBuildPhase section */
		E671FCBB1D7C8578006921EF /* Frameworks */ = {
			isa = PBXFrameworksBuildPhase;
			buildActionMask = 2147483647;
			files = (
				DD795B4CD56149F76FC5DA76 /* Pods_iOSuper.framework in Frameworks */,
			);
			runOnlyForDeploymentPostprocessing = 0;
		};
		E671FCCF1D7C8579006921EF /* Frameworks */ = {
			isa = PBXFrameworksBuildPhase;
			buildActionMask = 2147483647;
			files = (
			);
			runOnlyForDeploymentPostprocessing = 0;
		};
		E671FCDA1D7C8579006921EF /* Frameworks */ = {
			isa = PBXFrameworksBuildPhase;
			buildActionMask = 2147483647;
			files = (
			);
			runOnlyForDeploymentPostprocessing = 0;
		};
/* End PBXFrameworksBuildPhase section */

/* Begin PBXGroup section */
		49A574E7C34167318E8CEC7D /* Frameworks */ = {
			isa = PBXGroup;
			children = (
				A6AC3507E9EBE4FFBC5ED95D /* Pods_iOSuper.framework */,
			);
			name = Frameworks;
			sourceTree = "<group>";
		};
		C5CB95C22D8BF7C328B6A063 /* Pods */ = {
			isa = PBXGroup;
			children = (
				40A55DA0EDB3001202A1B67A /* Pods-iOSuper.debug.xcconfig */,
				601BDFDE5D1A5178322AFF50 /* Pods-iOSuper.release.xcconfig */,
			);
			name = Pods;
			sourceTree = "<group>";
		};
		E60F1FBA1D903E2900483B90 /* EditPic */ = {
			isa = PBXGroup;
			children = (
				E60F1FBF1D903F2000483B90 /* Controller */,
				E60F1FC01D903F2000483B90 /* Model */,
				E60F1FC11D903F2000483B90 /* View */,
			);
			path = EditPic;
			sourceTree = "<group>";
		};
		E60F1FBF1D903F2000483B90 /* Controller */ = {
			isa = PBXGroup;
			children = (
				E60F1FC61D9090B800483B90 /* CZSelectPicController.swift */,
				E60F1FC21D903F4700483B90 /* CZEditPicController.swift */,
				E60F1FC41D90413200483B90 /* EditPic.storyboard */,
			);
			path = Controller;
			sourceTree = "<group>";
		};
		E60F1FC01D903F2000483B90 /* Model */ = {
			isa = PBXGroup;
			children = (
			);
			path = Model;
			sourceTree = "<group>";
		};
		E60F1FC11D903F2000483B90 /* View */ = {
			isa = PBXGroup;
			children = (
			);
			path = View;
			sourceTree = "<group>";
		};
		E63F56141D8670E7007B76D6 /* Category */ = {
			isa = PBXGroup;
			children = (
				E6E132291D880E5700BD385D /* UITableView+CellLineHidden.swift */,
				E63F56151D8670E7007B76D6 /* UIBarButtonItem+Addition.swift */,
				E63F56161D8670E7007B76D6 /* UIViewController+SB.swift */,
				E60F1FCA1D91717300483B90 /* UIView+Color.swift */,
			);
			path = Category;
			sourceTree = "<group>";
		};
		E63F56191D867728007B76D6 /* Tool */ = {
			isa = PBXGroup;
			children = (
				E63F561A1D868137007B76D6 /* CZNetWorkTool.swift */,
				E60F1FC81D91704E00483B90 /* CZConfigure.swift */,
			);
			path = Tool;
			sourceTree = "<group>";
		};
		E671FCB51D7C8578006921EF = {
			isa = PBXGroup;
			children = (
				E671FCC01D7C8578006921EF /* iOSuper */,
				E671FCD51D7C8579006921EF /* iOSuperTests */,
				E671FCE01D7C8579006921EF /* iOSuperUITests */,
				E671FCBF1D7C8578006921EF /* Products */,
				C5CB95C22D8BF7C328B6A063 /* Pods */,
				49A574E7C34167318E8CEC7D /* Frameworks */,
			);
			sourceTree = "<group>";
		};
		E671FCBF1D7C8578006921EF /* Products */ = {
			isa = PBXGroup;
			children = (
				E671FCBE1D7C8578006921EF /* iOSuper.app */,
				E671FCD21D7C8579006921EF /* iOSuperTests.xctest */,
				E671FCDD1D7C8579006921EF /* iOSuperUITests.xctest */,
			);
			name = Products;
			sourceTree = "<group>";
		};
		E671FCC01D7C8578006921EF /* iOSuper */ = {
			isa = PBXGroup;
			children = (
				E671FCEF1D7C8DF1006921EF /* Classes */,
				E671FCC11D7C8578006921EF /* AppDelegate.swift */,
				E671FCC51D7C8578006921EF /* Main.storyboard */,
				E671FCC81D7C8578006921EF /* Assets.xcassets */,
				E671FCCA1D7C8578006921EF /* LaunchScreen.storyboard */,
				E671FCCD1D7C8578006921EF /* Info.plist */,
			);
			path = iOSuper;
			sourceTree = "<group>";
		};
		E671FCD51D7C8579006921EF /* iOSuperTests */ = {
			isa = PBXGroup;
			children = (
				E671FCD61D7C8579006921EF /* iOSuperTests.swift */,
				E671FCD81D7C8579006921EF /* Info.plist */,
			);
			path = iOSuperTests;
			sourceTree = "<group>";
		};
		E671FCE01D7C8579006921EF /* iOSuperUITests */ = {
			isa = PBXGroup;
			children = (
				E671FCE11D7C8579006921EF /* iOSuperUITests.swift */,
				E671FCE31D7C8579006921EF /* Info.plist */,
			);
			path = iOSuperUITests;
			sourceTree = "<group>";
		};
		E671FCEF1D7C8DF1006921EF /* Classes */ = {
			isa = PBXGroup;
			children = (
				E60F1FBA1D903E2900483B90 /* EditPic */,
				E671FCF01D7C8DF1006921EF /* Home */,
				E671FCF11D7C8DF1006921EF /* Main */,
				E63F56141D8670E7007B76D6 /* Category */,
				E63F56191D867728007B76D6 /* Tool */,
			);
			path = Classes;
			sourceTree = "<group>";
		};
		E671FCF01D7C8DF1006921EF /* Home */ = {
			isa = PBXGroup;
			children = (
				E671FCF81D7C9775006921EF /* Controller */,
				E671FCFA1D7C9775006921EF /* Model */,
				E671FCFB1D7C9775006921EF /* View */,
			);
			path = Home;
			sourceTree = "<group>";
		};
		E671FCF11D7C8DF1006921EF /* Main */ = {
			isa = PBXGroup;
			children = (
				E671FCF21D7C8EC7006921EF /* MainTabbarController.swift */,
				E671FCF61D7C9554006921EF /* MainNavgationController.swift */,
			);
			path = Main;
			sourceTree = "<group>";
		};
		E671FCF81D7C9775006921EF /* Controller */ = {
			isa = PBXGroup;
			children = (
				E671FCF91D7C9775006921EF /* HomeListController.swift */,
				E64D3EA41D7D439E00A8A63D /* CalculatorController.swift */,
				E64D3EA61D7D43B600A8A63D /* Home.storyboard */,
			);
			path = Controller;
			sourceTree = "<group>";
		};
		E671FCFA1D7C9775006921EF /* Model */ = {
			isa = PBXGroup;
			children = (
				E60F1FBD1D903EEF00483B90 /* CZArticles.swift */,
			);
			path = Model;
			sourceTree = "<group>";
		};
		E671FCFB1D7C9775006921EF /* View */ = {
			isa = PBXGroup;
			children = (
				E671FCFD1D7C97EF006921EF /* HomeListCell.swift */,
				E64D3EA21D7D3E7500A8A63D /* HomeListCell.xib */,
			);
			path = View;
			sourceTree = "<group>";
		};
/* End PBXGroup section */

/* Begin PBXNativeTarget section */
		E671FCBD1D7C8578006921EF /* iOSuper */ = {
			isa = PBXNativeTarget;
			buildConfigurationList = E671FCE61D7C8579006921EF /* Build configuration list for PBXNativeTarget "iOSuper" */;
			buildPhases = (
				E1B0402267B23E499CBCB91A /* [CP] Check Pods Manifest.lock */,
				E671FCBA1D7C8578006921EF /* Sources */,
				E671FCBB1D7C8578006921EF /* Frameworks */,
				E671FCBC1D7C8578006921EF /* Resources */,
				1F29CC7A8671ABC068E51E3F /* [CP] Embed Pods Frameworks */,
				13DDD9F65C39C438105C612A /* [CP] Copy Pods Resources */,
			);
			buildRules = (
			);
			dependencies = (
			);
			name = iOSuper;
			productName = iOSuper;
			productReference = E671FCBE1D7C8578006921EF /* iOSuper.app */;
			productType = "com.apple.product-type.application";
		};
		E671FCD11D7C8579006921EF /* iOSuperTests */ = {
			isa = PBXNativeTarget;
			buildConfigurationList = E671FCE91D7C8579006921EF /* Build configuration list for PBXNativeTarget "iOSuperTests" */;
			buildPhases = (
				E671FCCE1D7C8579006921EF /* Sources */,
				E671FCCF1D7C8579006921EF /* Frameworks */,
				E671FCD01D7C8579006921EF /* Resources */,
			);
			buildRules = (
			);
			dependencies = (
				E671FCD41D7C8579006921EF /* PBXTargetDependency */,
			);
			name = iOSuperTests;
			productName = iOSuperTests;
			productReference = E671FCD21D7C8579006921EF /* iOSuperTests.xctest */;
			productType = "com.apple.product-type.bundle.unit-test";
		};
		E671FCDC1D7C8579006921EF /* iOSuperUITests */ = {
			isa = PBXNativeTarget;
			buildConfigurationList = E671FCEC1D7C8579006921EF /* Build configuration list for PBXNativeTarget "iOSuperUITests" */;
			buildPhases = (
				E671FCD91D7C8579006921EF /* Sources */,
				E671FCDA1D7C8579006921EF /* Frameworks */,
				E671FCDB1D7C8579006921EF /* Resources */,
			);
			buildRules = (
			);
			dependencies = (
				E671FCDF1D7C8579006921EF /* PBXTargetDependency */,
			);
			name = iOSuperUITests;
			productName = iOSuperUITests;
			productReference = E671FCDD1D7C8579006921EF /* iOSuperUITests.xctest */;
			productType = "com.apple.product-type.bundle.ui-testing";
		};
/* End PBXNativeTarget section */

/* Begin PBXProject section */
		E671FCB61D7C8578006921EF /* Project object */ = {
			isa = PBXProject;
			attributes = {
				LastSwiftUpdateCheck = 0730;
				LastUpgradeCheck = 0730;
				ORGANIZATIONNAME = Chai;
				TargetAttributes = {
					E671FCBD1D7C8578006921EF = {
						CreatedOnToolsVersion = 7.3;
						DevelopmentTeam = J7MGGPEJNJ;
					};
					E671FCD11D7C8579006921EF = {
						CreatedOnToolsVersion = 7.3;
						TestTargetID = E671FCBD1D7C8578006921EF;
					};
					E671FCDC1D7C8579006921EF = {
						CreatedOnToolsVersion = 7.3;
						TestTargetID = E671FCBD1D7C8578006921EF;
					};
				};
			};
			buildConfigurationList = E671FCB91D7C8578006921EF /* Build configuration list for PBXProject "iOSuper" */;
			compatibilityVersion = "Xcode 3.2";
			developmentRegion = English;
			hasScannedForEncodings = 0;
			knownRegions = (
				en,
				Base,
			);
			mainGroup = E671FCB51D7C8578006921EF;
			productRefGroup = E671FCBF1D7C8578006921EF /* Products */;
			projectDirPath = "";
			projectRoot = "";
			targets = (
				E671FCBD1D7C8578006921EF /* iOSuper */,
				E671FCD11D7C8579006921EF /* iOSuperTests */,
				E671FCDC1D7C8579006921EF /* iOSuperUITests */,
			);
		};
/* End PBXProject section */

/* Begin PBXResourcesBuildPhase section */
		E671FCBC1D7C8578006921EF /* Resources */ = {
			isa = PBXResourcesBuildPhase;
			buildActionMask = 2147483647;
			files = (
				E671FCCC1D7C8578006921EF /* LaunchScreen.storyboard in Resources */,
				E60F1FC51D90413200483B90 /* EditPic.storyboard in Resources */,
				E64D3EA71D7D43B600A8A63D /* Home.storyboard in Resources */,
				E671FCC91D7C8578006921EF /* Assets.xcassets in Resources */,
				E64D3EA31D7D3E7500A8A63D /* HomeListCell.xib in Resources */,
				E671FCC71D7C8578006921EF /* Main.storyboard in Resources */,
			);
			runOnlyForDeploymentPostprocessing = 0;
		};
		E671FCD01D7C8579006921EF /* Resources */ = {
			isa = PBXResourcesBuildPhase;
			buildActionMask = 2147483647;
			files = (
			);
			runOnlyForDeploymentPostprocessing = 0;
		};
		E671FCDB1D7C8579006921EF /* Resources */ = {
			isa = PBXResourcesBuildPhase;
			buildActionMask = 2147483647;
			files = (
			);
			runOnlyForDeploymentPostprocessing = 0;
		};
/* End PBXResourcesBuildPhase section */

/* Begin PBXShellScriptBuildPhase section */
		13DDD9F65C39C438105C612A /* [CP] Copy Pods Resources */ = {
			isa = PBXShellScriptBuildPhase;
			buildActionMask = 2147483647;
			files = (
			);
			inputPaths = (
			);
			name = "[CP] Copy Pods Resources";
			outputPaths = (
			);
			runOnlyForDeploymentPostprocessing = 0;
			shellPath = /bin/sh;
			shellScript = "\"${SRCROOT}/Pods/Target Support Files/Pods-iOSuper/Pods-iOSuper-resources.sh\"\n";
			showEnvVarsInLog = 0;
		};
		1F29CC7A8671ABC068E51E3F /* [CP] Embed Pods Frameworks */ = {
			isa = PBXShellScriptBuildPhase;
			buildActionMask = 2147483647;
			files = (
			);
			inputPaths = (
			);
			name = "[CP] Embed Pods Frameworks";
			outputPaths = (
			);
			runOnlyForDeploymentPostprocessing = 0;
			shellPath = /bin/sh;
			shellScript = "\"${SRCROOT}/Pods/Target Support Files/Pods-iOSuper/Pods-iOSuper-frameworks.sh\"\n";
			showEnvVarsInLog = 0;
		};
		E1B0402267B23E499CBCB91A /* [CP] Check Pods Manifest.lock */ = {
			isa = PBXShellScriptBuildPhase;
			buildActionMask = 2147483647;
			files = (
			);
			inputPaths = (
			);
			name = "[CP] Check Pods Manifest.lock";
			outputPaths = (
			);
			runOnlyForDeploymentPostprocessing = 0;
			shellPath = /bin/sh;
			shellScript = "diff \"${PODS_ROOT}/../Podfile.lock\" \"${PODS_ROOT}/Manifest.lock\" > /dev/null\nif [[ $? != 0 ]] ; then\n    cat << EOM\nerror: The sandbox is not in sync with the Podfile.lock. Run 'pod install' or update your CocoaPods installation.\nEOM\n    exit 1\nfi\n";
			showEnvVarsInLog = 0;
		};
/* End PBXShellScriptBuildPhase section */

/* Begin PBXSourcesBuildPhase section */
		E671FCBA1D7C8578006921EF /* Sources */ = {
			isa = PBXSourcesBuildPhase;
			buildActionMask = 2147483647;
			files = (
				E63F56171D8670E7007B76D6 /* UIBarButtonItem+Addition.swift in Sources */,
				E60F1FC91D91704E00483B90 /* CZConfigure.swift in Sources */,
				E60F1FBE1D903EEF00483B90 /* CZArticles.swift in Sources */,
				E63F56181D8670E7007B76D6 /* UIViewController+SB.swift in Sources */,
				E671FCFC1D7C9775006921EF /* HomeListController.swift in Sources */,
				E64D3EA51D7D439E00A8A63D /* CalculatorController.swift in Sources */,
				E671FCFE1D7C97EF006921EF /* HomeListCell.swift in Sources */,
				E671FCF71D7C9554006921EF /* MainNavgationController.swift in Sources */,
				E6E1322A1D880E5700BD385D /* UITableView+CellLineHidden.swift in Sources */,
				E60F1FC71D9090B800483B90 /* CZSelectPicController.swift in Sources */,
				E63F561B1D868137007B76D6 /* CZNetWorkTool.swift in Sources */,
				E671FCF31D7C8EC7006921EF /* MainTabbarController.swift in Sources */,
				E60F1FCB1D91717300483B90 /* UIView+Color.swift in Sources */,
				E671FCC21D7C8578006921EF /* AppDelegate.swift in Sources */,
				E60F1FC31D903F4700483B90 /* CZEditPicController.swift in Sources */,
			);
			runOnlyForDeploymentPostprocessing = 0;
		};
		E671FCCE1D7C8579006921EF /* Sources */ = {
			isa = PBXSourcesBuildPhase;
			buildActionMask = 2147483647;
			files = (
				E671FCD71D7C8579006921EF /* iOSuperTests.swift in Sources */,
			);
			runOnlyForDeploymentPostprocessing = 0;
		};
		E671FCD91D7C8579006921EF /* Sources */ = {
			isa = PBXSourcesBuildPhase;
			buildActionMask = 2147483647;
			files = (
				E671FCE21D7C8579006921EF /* iOSuperUITests.swift in Sources */,
			);
			runOnlyForDeploymentPostprocessing = 0;
		};
/* End PBXSourcesBuildPhase section */

/* Begin PBXTargetDependency section */
		E671FCD41D7C8579006921EF /* PBXTargetDependency */ = {
			isa = PBXTargetDependency;
			target = E671FCBD1D7C8578006921EF /* iOSuper */;
			targetProxy = E671FCD31D7C8579006921EF /* PBXContainerItemProxy */;
		};
		E671FCDF1D7C8579006921EF /* PBXTargetDependency */ = {
			isa = PBXTargetDependency;
			target = E671FCBD1D7C8578006921EF /* iOSuper */;
			targetProxy = E671FCDE1D7C8579006921EF /* PBXContainerItemProxy */;
		};
/* End PBXTargetDependency section */

/* Begin PBXVariantGroup section */
		E671FCC51D7C8578006921EF /* Main.storyboard */ = {
			isa = PBXVariantGroup;
			children = (
				E671FCC61D7C8578006921EF /* Base */,
			);
			name = Main.storyboard;
			sourceTree = "<group>";
		};
		E671FCCA1D7C8578006921EF /* LaunchScreen.storyboard */ = {
			isa = PBXVariantGroup;
			children = (
				E671FCCB1D7C8578006921EF /* Base */,
			);
			name = LaunchScreen.storyboard;
			sourceTree = "<group>";
		};
/* End PBXVariantGroup section */

/* Begin XCBuildConfiguration section */
		E671FCE41D7C8579006921EF /* Debug */ = {
			isa = XCBuildConfiguration;
			buildSettings = {
				ALWAYS_SEARCH_USER_PATHS = NO;
				CLANG_ANALYZER_NONNULL = YES;
				CLANG_CXX_LANGUAGE_STANDARD = "gnu++0x";
				CLANG_CXX_LIBRARY = "libc++";
				CLANG_ENABLE_MODULES = YES;
				CLANG_ENABLE_OBJC_ARC = YES;
				CLANG_WARN_BOOL_CONVERSION = YES;
				CLANG_WARN_CONSTANT_CONVERSION = YES;
				CLANG_WARN_DIRECT_OBJC_ISA_USAGE = YES_ERROR;
				CLANG_WARN_EMPTY_BODY = YES;
				CLANG_WARN_ENUM_CONVERSION = YES;
				CLANG_WARN_INT_CONVERSION = YES;
				CLANG_WARN_OBJC_ROOT_CLASS = YES_ERROR;
				CLANG_WARN_UNREACHABLE_CODE = YES;
				CLANG_WARN__DUPLICATE_METHOD_MATCH = YES;
				"CODE_SIGN_IDENTITY[sdk=iphoneos*]" = "iPhone Developer";
				COPY_PHASE_STRIP = NO;
				DEBUG_INFORMATION_FORMAT = dwarf;
				ENABLE_STRICT_OBJC_MSGSEND = YES;
				ENABLE_TESTABILITY = YES;
				GCC_C_LANGUAGE_STANDARD = gnu99;
				GCC_DYNAMIC_NO_PIC = NO;
				GCC_NO_COMMON_BLOCKS = YES;
				GCC_OPTIMIZATION_LEVEL = 0;
				GCC_PREPROCESSOR_DEFINITIONS = (
					"DEBUG=1",
					"$(inherited)",
				);
				GCC_WARN_64_TO_32_BIT_CONVERSION = YES;
				GCC_WARN_ABOUT_RETURN_TYPE = YES_ERROR;
				GCC_WARN_UNDECLARED_SELECTOR = YES;
				GCC_WARN_UNINITIALIZED_AUTOS = YES_AGGRESSIVE;
				GCC_WARN_UNUSED_FUNCTION = YES;
				GCC_WARN_UNUSED_VARIABLE = YES;
				IPHONEOS_DEPLOYMENT_TARGET = 9.3;
				MTL_ENABLE_DEBUG_INFO = YES;
				ONLY_ACTIVE_ARCH = YES;
				SDKROOT = iphoneos;
				SWIFT_OPTIMIZATION_LEVEL = "-Onone";
			};
			name = Debug;
		};
		E671FCE51D7C8579006921EF /* Release */ = {
			isa = XCBuildConfiguration;
			buildSettings = {
				ALWAYS_SEARCH_USER_PATHS = NO;
				CLANG_ANALYZER_NONNULL = YES;
				CLANG_CXX_LANGUAGE_STANDARD = "gnu++0x";
				CLANG_CXX_LIBRARY = "libc++";
				CLANG_ENABLE_MODULES = YES;
				CLANG_ENABLE_OBJC_ARC = YES;
				CLANG_WARN_BOOL_CONVERSION = YES;
				CLANG_WARN_CONSTANT_CONVERSION = YES;
				CLANG_WARN_DIRECT_OBJC_ISA_USAGE = YES_ERROR;
				CLANG_WARN_EMPTY_BODY = YES;
				CLANG_WARN_ENUM_CONVERSION = YES;
				CLANG_WARN_INT_CONVERSION = YES;
				CLANG_WARN_OBJC_ROOT_CLASS = YES_ERROR;
				CLANG_WARN_UNREACHABLE_CODE = YES;
				CLANG_WARN__DUPLICATE_METHOD_MATCH = YES;
				"CODE_SIGN_IDENTITY[sdk=iphoneos*]" = "iPhone Developer";
				COPY_PHASE_STRIP = NO;
				DEBUG_INFORMATION_FORMAT = "dwarf-with-dsym";
				ENABLE_NS_ASSERTIONS = NO;
				ENABLE_STRICT_OBJC_MSGSEND = YES;
				GCC_C_LANGUAGE_STANDARD = gnu99;
				GCC_NO_COMMON_BLOCKS = YES;
				GCC_WARN_64_TO_32_BIT_CONVERSION = YES;
				GCC_WARN_ABOUT_RETURN_TYPE = YES_ERROR;
				GCC_WARN_UNDECLARED_SELECTOR = YES;
				GCC_WARN_UNINITIALIZED_AUTOS = YES_AGGRESSIVE;
				GCC_WARN_UNUSED_FUNCTION = YES;
				GCC_WARN_UNUSED_VARIABLE = YES;
				IPHONEOS_DEPLOYMENT_TARGET = 9.3;
				MTL_ENABLE_DEBUG_INFO = NO;
				SDKROOT = iphoneos;
				VALIDATE_PRODUCT = YES;
			};
			name = Release;
		};
		E671FCE71D7C8579006921EF /* Debug */ = {
			isa = XCBuildConfiguration;
			baseConfigurationReference = 40A55DA0EDB3001202A1B67A /* Pods-iOSuper.debug.xcconfig */;
			buildSettings = {
				ASSETCATALOG_COMPILER_APPICON_NAME = AppIcon;
				DEVELOPMENT_TEAM = J7MGGPEJNJ;
				INFOPLIST_FILE = iOSuper/Info.plist;
				IPHONEOS_DEPLOYMENT_TARGET = 8.0;
				LD_RUNPATH_SEARCH_PATHS = "$(inherited) @executable_path/Frameworks";
				PRODUCT_BUNDLE_IDENTIFIER = com.qschou.iOSuper;
				PRODUCT_NAME = "$(TARGET_NAME)";
				SWIFT_VERSION = 2.3;
			};
			name = Debug;
		};
		E671FCE81D7C8579006921EF /* Release */ = {
			isa = XCBuildConfiguration;
			baseConfigurationReference = 601BDFDE5D1A5178322AFF50 /* Pods-iOSuper.release.xcconfig */;
			buildSettings = {
				ASSETCATALOG_COMPILER_APPICON_NAME = AppIcon;
				DEVELOPMENT_TEAM = J7MGGPEJNJ;
				INFOPLIST_FILE = iOSuper/Info.plist;
				IPHONEOS_DEPLOYMENT_TARGET = 8.0;
				LD_RUNPATH_SEARCH_PATHS = "$(inherited) @executable_path/Frameworks";
				PRODUCT_BUNDLE_IDENTIFIER = com.qschou.iOSuper;
				PRODUCT_NAME = "$(TARGET_NAME)";
				SWIFT_VERSION = 2.3;
			};
			name = Release;
		};
		E671FCEA1D7C8579006921EF /* Debug */ = {
			isa = XCBuildConfiguration;
			buildSettings = {
				BUNDLE_LOADER = "$(TEST_HOST)";
				INFOPLIST_FILE = iOSuperTests/Info.plist;
				LD_RUNPATH_SEARCH_PATHS = "$(inherited) @executable_path/Frameworks @loader_path/Frameworks";
				PRODUCT_BUNDLE_IDENTIFIER = com.qschou.iOSuperTests;
				PRODUCT_NAME = "$(TARGET_NAME)";
				TEST_HOST = "$(BUILT_PRODUCTS_DIR)/iOSuper.app/iOSuper";
			};
			name = Debug;
		};
		E671FCEB1D7C8579006921EF /* Release */ = {
			isa = XCBuildConfiguration;
			buildSettings = {
				BUNDLE_LOADER = "$(TEST_HOST)";
				INFOPLIST_FILE = iOSuperTests/Info.plist;
				LD_RUNPATH_SEARCH_PATHS = "$(inherited) @executable_path/Frameworks @loader_path/Frameworks";
				PRODUCT_BUNDLE_IDENTIFIER = com.qschou.iOSuperTests;
				PRODUCT_NAME = "$(TARGET_NAME)";
				TEST_HOST = "$(BUILT_PRODUCTS_DIR)/iOSuper.app/iOSuper";
			};
			name = Release;
		};
		E671FCED1D7C8579006921EF /* Debug */ = {
			isa = XCBuildConfiguration;
			buildSettings = {
				INFOPLIST_FILE = iOSuperUITests/Info.plist;
				LD_RUNPATH_SEARCH_PATHS = "$(inherited) @executable_path/Frameworks @loader_path/Frameworks";
				PRODUCT_BUNDLE_IDENTIFIER = com.qschou.iOSuperUITests;
				PRODUCT_NAME = "$(TARGET_NAME)";
				TEST_TARGET_NAME = iOSuper;
			};
			name = Debug;
		};
		E671FCEE1D7C8579006921EF /* Release */ = {
			isa = XCBuildConfiguration;
			buildSettings = {
				INFOPLIST_FILE = iOSuperUITests/Info.plist;
				LD_RUNPATH_SEARCH_PATHS = "$(inherited) @executable_path/Frameworks @loader_path/Frameworks";
				PRODUCT_BUNDLE_IDENTIFIER = com.qschou.iOSuperUITests;
				PRODUCT_NAME = "$(TARGET_NAME)";
				TEST_TARGET_NAME = iOSuper;
			};
			name = Release;
		};
/* End XCBuildConfiguration section */

/* Begin XCConfigurationList section */
		E671FCB91D7C8578006921EF /* Build configuration list for PBXProject "iOSuper" */ = {
			isa = XCConfigurationList;
			buildConfigurations = (
				E671FCE41D7C8579006921EF /* Debug */,
				E671FCE51D7C8579006921EF /* Release */,
			);
			defaultConfigurationIsVisible = 0;
			defaultConfigurationName = Release;
		};
		E671FCE61D7C8579006921EF /* Build configuration list for PBXNativeTarget "iOSuper" */ = {
			isa = XCConfigurationList;
			buildConfigurations = (
				E671FCE71D7C8579006921EF /* Debug */,
				E671FCE81D7C8579006921EF /* Release */,
			);
			defaultConfigurationIsVisible = 0;
			defaultConfigurationName = Release;
		};
		E671FCE91D7C8579006921EF /* Build configuration list for PBXNativeTarget "iOSuperTests" */ = {
			isa = XCConfigurationList;
			buildConfigurations = (
				E671FCEA1D7C8579006921EF /* Debug */,
				E671FCEB1D7C8579006921EF /* Release */,
			);
			defaultConfigurationIsVisible = 0;
			defaultConfigurationName = Release;
		};
		E671FCEC1D7C8579006921EF /* Build configuration list for PBXNativeTarget "iOSuperUITests" */ = {
			isa = XCConfigurationList;
			buildConfigurations = (
				E671FCED1D7C8579006921EF /* Debug */,
				E671FCEE1D7C8579006921EF /* Release */,
			);
			defaultConfigurationIsVisible = 0;
			defaultConfigurationName = Release;
		};
/* End XCConfigurationList section */
	};
	rootObject = E671FCB61D7C8578006921EF /* Project object */;
}
